
Microsoft Visual Studio Solution File, Format Version 12.00
# Visual Studio Version 17
VisualStudioVersion = 17.1.32210.238
MinimumVisualStudioVersion = 10.0.40219.1
Project("{FAE04EC0-301F-11D3-BF4B-00C04F79EFBC}") = "WebApplication1", "WebApplication1\WebApplication1.csproj", "{882A5B77-5B08-4CFD-BE33-961151D0D97A}"
EndProject
Project("{FAE04EC0-301F-11D3-BF4B-00C04F79EFBC}") = "ClassLibrary", "ClassLibrary\ClassLibrary.csproj", "{8309C968-F0F4-4A7E-A82A-C8598F28B945}"
EndProject
Global
	GlobalSection(SolutionConfigurationPlatforms) = preSolution
		Debug|Any CPU = Debug|Any CPU
		Release|Any CPU = Release|Any CPU
	EndGlobalSection
	GlobalSection(ProjectConfigurationPlatforms) = postSolution
		{882A5B77-5B08-4CFD-BE33-961151D0D97A}.Debug|Any CPU.ActiveCfg = Debug|Any CPU
		{882A5B77-5B08-4CFD-BE33-961151D0D97A}.Debug|Any CPU.Build.0 = Debug|Any CPU
		{882A5B77-5B08-4CFD-BE33-961151D0D97A}.Release|Any CPU.ActiveCfg = Release|Any CPU
		{882A5B77-5B08-4CFD-BE33-961151D0D97A}.Release|Any CPU.Build.0 = Release|Any CPU
		{8309C968-F0F4-4A7E-A82A-C8598F28B945}.Debug|Any CPU.ActiveCfg = Debug|Any CPU
		{8309C968-F0F4-4A7E-A82A-C8598F28B945}.Debug|Any CPU.Build.0 = Debug|Any CPU
		{8309C968-F0F4-4A7E-A82A-C8598F28B945}.Release|Any CPU.ActiveCfg = Release|Any CPU
		{8309C968-F0F4-4A7E-A82A-C8598F28B945}.Release|Any CPU.Build.0 = Release|Any CPU
	EndGlobalSection
	GlobalSection(SolutionProperties) = preSolution
		HideSolutionNode = FALSE
	EndGlobalSection
	GlobalSection(ExtensibilityGlobals) = postSolution
		SolutionGuid = {DCF55C11-1CE3-4F75-A68E-0BFC3831C1EB}
	EndGlobalSection
EndGlobal
